// !$*UTF8*$!
{
	archiveVersion = 1;
	classes = {
	};
	objectVersion = 55;
	objects = {

/* Begin PBXBuildFile section */
		61666C852710596400AD5CA8 /* ShazamService.swift in Sources */ = {isa = PBXBuildFile; fileRef = 61666C842710596400AD5CA8 /* ShazamService.swift */; };
		DAD8441527104E2D00B1FFB9 /* AppDelegate.swift in Sources */ = {isa = PBXBuildFile; fileRef = DAD8441427104E2D00B1FFB9 /* AppDelegate.swift */; };
		DAD8441727104E2D00B1FFB9 /* SceneDelegate.swift in Sources */ = {isa = PBXBuildFile; fileRef = DAD8441627104E2D00B1FFB9 /* SceneDelegate.swift */; };
		DAD8441E27104E3000B1FFB9 /* Assets.xcassets in Resources */ = {isa = PBXBuildFile; fileRef = DAD8441D27104E3000B1FFB9 /* Assets.xcassets */; };
		DAD8442127104E3000B1FFB9 /* LaunchScreen.storyboard in Resources */ = {isa = PBXBuildFile; fileRef = DAD8441F27104E3000B1FFB9 /* LaunchScreen.storyboard */; };
		DAD844312710557D00B1FFB9 /* MainMapViewController.swift in Sources */ = {isa = PBXBuildFile; fileRef = DAD8442F2710557D00B1FFB9 /* MainMapViewController.swift */; };
		DAD844352710573600B1FFB9 /* MapKit.framework in Frameworks */ = {isa = PBXBuildFile; fileRef = DAD844342710573600B1FFB9 /* MapKit.framework */; };
		DAD8443727105AB100B1FFB9 /* MainMapModel.swift in Sources */ = {isa = PBXBuildFile; fileRef = DAD8443627105AB100B1FFB9 /* MainMapModel.swift */; };
		DAD8443B27105EE300B1FFB9 /* LocationService.swift in Sources */ = {isa = PBXBuildFile; fileRef = DAD8443A27105EE300B1FFB9 /* LocationService.swift */; };
		DAD8443D27105FC100B1FFB9 /* ServiceLayer.swift in Sources */ = {isa = PBXBuildFile; fileRef = DAD8443C27105FC100B1FFB9 /* ServiceLayer.swift */; };
		DAD844412710717D00B1FFB9 /* PragmaticaExtendedBold.otf in Resources */ = {isa = PBXBuildFile; fileRef = DAD8443F2710717D00B1FFB9 /* PragmaticaExtendedBold.otf */; };
		DAD844422710717D00B1FFB9 /* PragmaticaExtendedBook.otf in Resources */ = {isa = PBXBuildFile; fileRef = DAD844402710717D00B1FFB9 /* PragmaticaExtendedBook.otf */; };
		DAD84446271072D100B1FFB9 /* BottomInfoScreenViewController.swift in Sources */ = {isa = PBXBuildFile; fileRef = DAD84444271072D100B1FFB9 /* BottomInfoScreenViewController.swift */; };
		DAD8444A27107D1500B1FFB9 /* MainMapView.swift in Sources */ = {isa = PBXBuildFile; fileRef = DAD8444927107D1500B1FFB9 /* MainMapView.swift */; };
		DAD8444D271084ED00B1FFB9 /* Colors.swift in Sources */ = {isa = PBXBuildFile; fileRef = DAD8444C271084ED00B1FFB9 /* Colors.swift */; };
		DAD8444F2710853300B1FFB9 /* UIColor+Extensions.swift in Sources */ = {isa = PBXBuildFile; fileRef = DAD8444E2710853300B1FFB9 /* UIColor+Extensions.swift */; };
		DAD84451271088A600B1FFB9 /* UIViewController+Extension.swift in Sources */ = {isa = PBXBuildFile; fileRef = DAD84450271088A600B1FFB9 /* UIViewController+Extension.swift */; };
		FD60FEC581516F209415B35A /* Pods_shazamMapProject.framework in Frameworks */ = {isa = PBXBuildFile; fileRef = 88DD11F78BDD6D5881F64163 /* Pods_shazamMapProject.framework */; };
/* End PBXBuildFile section */

/* Begin PBXFileReference section */
		61666C842710596400AD5CA8 /* ShazamService.swift */ = {isa = PBXFileReference; lastKnownFileType = sourcecode.swift; path = ShazamService.swift; sourceTree = "<group>"; };
		1E35F2870E47E7C70A7443E6 /* Pods-shazamMapProject.release.xcconfig */ = {isa = PBXFileReference; includeInIndex = 1; lastKnownFileType = text.xcconfig; name = "Pods-shazamMapProject.release.xcconfig"; path = "Target Support Files/Pods-shazamMapProject/Pods-shazamMapProject.release.xcconfig"; sourceTree = "<group>"; };
		83A823040939844E6A35C2D4 /* Pods-shazamMapProject.debug.xcconfig */ = {isa = PBXFileReference; includeInIndex = 1; lastKnownFileType = text.xcconfig; name = "Pods-shazamMapProject.debug.xcconfig"; path = "Target Support Files/Pods-shazamMapProject/Pods-shazamMapProject.debug.xcconfig"; sourceTree = "<group>"; };
		88DD11F78BDD6D5881F64163 /* Pods_shazamMapProject.framework */ = {isa = PBXFileReference; explicitFileType = wrapper.framework; includeInIndex = 0; path = Pods_shazamMapProject.framework; sourceTree = BUILT_PRODUCTS_DIR; };
		DAD8441127104E2D00B1FFB9 /* shazamMapProject.app */ = {isa = PBXFileReference; explicitFileType = wrapper.application; includeInIndex = 0; path = shazamMapProject.app; sourceTree = BUILT_PRODUCTS_DIR; };
		DAD8441427104E2D00B1FFB9 /* AppDelegate.swift */ = {isa = PBXFileReference; lastKnownFileType = sourcecode.swift; path = AppDelegate.swift; sourceTree = "<group>"; };
		DAD8441627104E2D00B1FFB9 /* SceneDelegate.swift */ = {isa = PBXFileReference; lastKnownFileType = sourcecode.swift; path = SceneDelegate.swift; sourceTree = "<group>"; };
		DAD8441D27104E3000B1FFB9 /* Assets.xcassets */ = {isa = PBXFileReference; lastKnownFileType = folder.assetcatalog; path = Assets.xcassets; sourceTree = "<group>"; };
		DAD8442027104E3000B1FFB9 /* Base */ = {isa = PBXFileReference; lastKnownFileType = file.storyboard; name = Base; path = Base.lproj/LaunchScreen.storyboard; sourceTree = "<group>"; };
		DAD8442227104E3000B1FFB9 /* Info.plist */ = {isa = PBXFileReference; lastKnownFileType = text.plist.xml; path = Info.plist; sourceTree = "<group>"; };
		DAD8442F2710557D00B1FFB9 /* MainMapViewController.swift */ = {isa = PBXFileReference; lastKnownFileType = sourcecode.swift; path = MainMapViewController.swift; sourceTree = "<group>"; };
		DAD844342710573600B1FFB9 /* MapKit.framework */ = {isa = PBXFileReference; lastKnownFileType = wrapper.framework; name = MapKit.framework; path = System/Library/Frameworks/MapKit.framework; sourceTree = SDKROOT; };
		DAD8443627105AB100B1FFB9 /* MainMapModel.swift */ = {isa = PBXFileReference; lastKnownFileType = sourcecode.swift; path = MainMapModel.swift; sourceTree = "<group>"; };
		DAD8443A27105EE300B1FFB9 /* LocationService.swift */ = {isa = PBXFileReference; lastKnownFileType = sourcecode.swift; path = LocationService.swift; sourceTree = "<group>"; };
		DAD8443C27105FC100B1FFB9 /* ServiceLayer.swift */ = {isa = PBXFileReference; lastKnownFileType = sourcecode.swift; path = ServiceLayer.swift; sourceTree = "<group>"; };
		DAD8443F2710717D00B1FFB9 /* PragmaticaExtendedBold.otf */ = {isa = PBXFileReference; lastKnownFileType = file; path = PragmaticaExtendedBold.otf; sourceTree = "<group>"; };
		DAD844402710717D00B1FFB9 /* PragmaticaExtendedBook.otf */ = {isa = PBXFileReference; lastKnownFileType = file; path = PragmaticaExtendedBook.otf; sourceTree = "<group>"; };
		DAD84444271072D100B1FFB9 /* BottomInfoScreenViewController.swift */ = {isa = PBXFileReference; lastKnownFileType = sourcecode.swift; path = BottomInfoScreenViewController.swift; sourceTree = "<group>"; };
		DAD8444927107D1500B1FFB9 /* MainMapView.swift */ = {isa = PBXFileReference; lastKnownFileType = sourcecode.swift; path = MainMapView.swift; sourceTree = "<group>"; };
		DAD8444C271084ED00B1FFB9 /* Colors.swift */ = {isa = PBXFileReference; lastKnownFileType = sourcecode.swift; path = Colors.swift; sourceTree = "<group>"; };
		DAD8444E2710853300B1FFB9 /* UIColor+Extensions.swift */ = {isa = PBXFileReference; fileEncoding = 4; lastKnownFileType = sourcecode.swift; path = "UIColor+Extensions.swift"; sourceTree = "<group>"; };
		DAD84450271088A600B1FFB9 /* UIViewController+Extension.swift */ = {isa = PBXFileReference; fileEncoding = 4; lastKnownFileType = sourcecode.swift; path = "UIViewController+Extension.swift"; sourceTree = "<group>"; };
/* End PBXFileReference section */

/* Begin PBXFrameworksBuildPhase section */
		DAD8440E27104E2D00B1FFB9 /* Frameworks */ = {
			isa = PBXFrameworksBuildPhase;
			buildActionMask = 2147483647;
			files = (
				DAD844352710573600B1FFB9 /* MapKit.framework in Frameworks */,
				FD60FEC581516F209415B35A /* Pods_shazamMapProject.framework in Frameworks */,
			);
			runOnlyForDeploymentPostprocessing = 0;
		};
/* End PBXFrameworksBuildPhase section */

/* Begin PBXGroup section */
		61666C832710584800AD5CA8 /* Shazam */ = {
			isa = PBXGroup;
			children = (
				61666C842710596400AD5CA8 /* ShazamService.swift */,
			);
			path = Shazam;
		8257B45E2D768ADB3A663C7D /* Pods */ = {
			isa = PBXGroup;
			children = (
				83A823040939844E6A35C2D4 /* Pods-shazamMapProject.debug.xcconfig */,
				1E35F2870E47E7C70A7443E6 /* Pods-shazamMapProject.release.xcconfig */,
			);
			path = Pods;
			sourceTree = "<group>";
		};
		DAD8440827104E2D00B1FFB9 = {
			isa = PBXGroup;
			children = (
				DAD8441327104E2D00B1FFB9 /* shazamMapProject */,
				DAD8441227104E2D00B1FFB9 /* Products */,
				DAD844332710573600B1FFB9 /* Frameworks */,
				8257B45E2D768ADB3A663C7D /* Pods */,
			);
			sourceTree = "<group>";
		};
		DAD8441227104E2D00B1FFB9 /* Products */ = {
			isa = PBXGroup;
			children = (
				DAD8441127104E2D00B1FFB9 /* shazamMapProject.app */,
			);
			name = Products;
			sourceTree = "<group>";
		};
		DAD8441327104E2D00B1FFB9 /* shazamMapProject */ = {
			isa = PBXGroup;
			children = (
				61666C832710584800AD5CA8 /* Shazam */,
				DAD8442B27104EF700B1FFB9 /* Launch */,
				DAD8443927105ECA00B1FFB9 /* Services */,
				DAD8443827105EC100B1FFB9 /* Presentation */,
				DAD8442827104E4200B1FFB9 /* Sources */,
				DAD8442227104E3000B1FFB9 /* Info.plist */,
			);
			path = shazamMapProject;
			sourceTree = "<group>";
		};
		DAD8442827104E4200B1FFB9 /* Sources */ = {
			isa = PBXGroup;
			children = (
				DAD84450271088A600B1FFB9 /* UIViewController+Extension.swift */,
				DAD8444E2710853300B1FFB9 /* UIColor+Extensions.swift */,
				DAD8444B271084E100B1FFB9 /* Colors */,
				DAD8443E2710716E00B1FFB9 /* Fonts */,
				DAD8442927104E5400B1FFB9 /* Delegates */,
				DAD8441D27104E3000B1FFB9 /* Assets.xcassets */,
			);
			path = Sources;
			sourceTree = "<group>";
		};
		DAD8442927104E5400B1FFB9 /* Delegates */ = {
			isa = PBXGroup;
			children = (
				DAD8441427104E2D00B1FFB9 /* AppDelegate.swift */,
				DAD8441627104E2D00B1FFB9 /* SceneDelegate.swift */,
			);
			path = Delegates;
			sourceTree = "<group>";
		};
		DAD8442A27104E7300B1FFB9 /* MapScreen */ = {
			isa = PBXGroup;
			children = (
				DAD8442E2710551A00B1FFB9 /* Model */,
				DAD8444827107CCF00B1FFB9 /* View */,
				DAD8442C2710551200B1FFB9 /* Controller */,
			);
			path = MapScreen;
			sourceTree = "<group>";
		};
		DAD8442B27104EF700B1FFB9 /* Launch */ = {
			isa = PBXGroup;
			children = (
				DAD8441F27104E3000B1FFB9 /* LaunchScreen.storyboard */,
			);
			path = Launch;
			sourceTree = "<group>";
		};
		DAD8442C2710551200B1FFB9 /* Controller */ = {
			isa = PBXGroup;
			children = (
				DAD8442F2710557D00B1FFB9 /* MainMapViewController.swift */,
			);
			path = Controller;
			sourceTree = "<group>";
		};
		DAD8442E2710551A00B1FFB9 /* Model */ = {
			isa = PBXGroup;
			children = (
				DAD8443627105AB100B1FFB9 /* MainMapModel.swift */,
			);
			path = Model;
			sourceTree = "<group>";
		};
		DAD844332710573600B1FFB9 /* Frameworks */ = {
			isa = PBXGroup;
			children = (
				DAD844342710573600B1FFB9 /* MapKit.framework */,
				88DD11F78BDD6D5881F64163 /* Pods_shazamMapProject.framework */,
			);
			name = Frameworks;
			sourceTree = "<group>";
		};
		DAD8443827105EC100B1FFB9 /* Presentation */ = {
			isa = PBXGroup;
			children = (
				DAD8442A27104E7300B1FFB9 /* MapScreen */,
				DAD84443271072A500B1FFB9 /* BottomInfoScreen */,
			);
			path = Presentation;
			sourceTree = "<group>";
		};
		DAD8443927105ECA00B1FFB9 /* Services */ = {
			isa = PBXGroup;
			children = (
				DAD8443A27105EE300B1FFB9 /* LocationService.swift */,
				DAD8443C27105FC100B1FFB9 /* ServiceLayer.swift */,
			);
			path = Services;
			sourceTree = "<group>";
		};
		DAD8443E2710716E00B1FFB9 /* Fonts */ = {
			isa = PBXGroup;
			children = (
				DAD8443F2710717D00B1FFB9 /* PragmaticaExtendedBold.otf */,
				DAD844402710717D00B1FFB9 /* PragmaticaExtendedBook.otf */,
			);
			path = Fonts;
			sourceTree = "<group>";
		};
		DAD84443271072A500B1FFB9 /* BottomInfoScreen */ = {
			isa = PBXGroup;
			children = (
				DAD84444271072D100B1FFB9 /* BottomInfoScreenViewController.swift */,
			);
			path = BottomInfoScreen;
			sourceTree = "<group>";
		};
		DAD8444827107CCF00B1FFB9 /* View */ = {
			isa = PBXGroup;
			children = (
				DAD8444927107D1500B1FFB9 /* MainMapView.swift */,
			);
			path = View;
			sourceTree = "<group>";
		};
		DAD8444B271084E100B1FFB9 /* Colors */ = {
			isa = PBXGroup;
			children = (
				DAD8444C271084ED00B1FFB9 /* Colors.swift */,
			);
			path = Colors;
			sourceTree = "<group>";
		};
/* End PBXGroup section */

/* Begin PBXNativeTarget section */
		DAD8441027104E2D00B1FFB9 /* shazamMapProject */ = {
			isa = PBXNativeTarget;
			buildConfigurationList = DAD8442527104E3000B1FFB9 /* Build configuration list for PBXNativeTarget "shazamMapProject" */;
			buildPhases = (
				281305FB2BA84BAE4A67D8AD /* [CP] Check Pods Manifest.lock */,
				DAD8440D27104E2D00B1FFB9 /* Sources */,
				DAD8440E27104E2D00B1FFB9 /* Frameworks */,
				DAD8440F27104E2D00B1FFB9 /* Resources */,
				04829E6914DE420212D03F1F /* [CP] Embed Pods Frameworks */,
			);
			buildRules = (
			);
			dependencies = (
			);
			name = shazamMapProject;
			productName = shazamMapProject;
			productReference = DAD8441127104E2D00B1FFB9 /* shazamMapProject.app */;
			productType = "com.apple.product-type.application";
		};
/* End PBXNativeTarget section */

/* Begin PBXProject section */
		DAD8440927104E2D00B1FFB9 /* Project object */ = {
			isa = PBXProject;
			attributes = {
				BuildIndependentTargetsInParallel = 1;
				LastSwiftUpdateCheck = 1300;
				LastUpgradeCheck = 1300;
				TargetAttributes = {
					DAD8441027104E2D00B1FFB9 = {
						CreatedOnToolsVersion = 13.0;
					};
				};
			};
			buildConfigurationList = DAD8440C27104E2D00B1FFB9 /* Build configuration list for PBXProject "shazamMapProject" */;
			compatibilityVersion = "Xcode 13.0";
			developmentRegion = en;
			hasScannedForEncodings = 0;
			knownRegions = (
				en,
				Base,
			);
			mainGroup = DAD8440827104E2D00B1FFB9;
			productRefGroup = DAD8441227104E2D00B1FFB9 /* Products */;
			projectDirPath = "";
			projectRoot = "";
			targets = (
				DAD8441027104E2D00B1FFB9 /* shazamMapProject */,
			);
		};
/* End PBXProject section */

/* Begin PBXResourcesBuildPhase section */
		DAD8440F27104E2D00B1FFB9 /* Resources */ = {
			isa = PBXResourcesBuildPhase;
			buildActionMask = 2147483647;
			files = (
				DAD844412710717D00B1FFB9 /* PragmaticaExtendedBold.otf in Resources */,
				DAD8442127104E3000B1FFB9 /* LaunchScreen.storyboard in Resources */,
				DAD8441E27104E3000B1FFB9 /* Assets.xcassets in Resources */,
				DAD844422710717D00B1FFB9 /* PragmaticaExtendedBook.otf in Resources */,
			);
			runOnlyForDeploymentPostprocessing = 0;
		};
/* End PBXResourcesBuildPhase section */

/* Begin PBXShellScriptBuildPhase section */
		04829E6914DE420212D03F1F /* [CP] Embed Pods Frameworks */ = {
			isa = PBXShellScriptBuildPhase;
			buildActionMask = 2147483647;
			files = (
			);
			inputFileListPaths = (
				"${PODS_ROOT}/Target Support Files/Pods-shazamMapProject/Pods-shazamMapProject-frameworks-${CONFIGURATION}-input-files.xcfilelist",
			);
			name = "[CP] Embed Pods Frameworks";
			outputFileListPaths = (
				"${PODS_ROOT}/Target Support Files/Pods-shazamMapProject/Pods-shazamMapProject-frameworks-${CONFIGURATION}-output-files.xcfilelist",
			);
			runOnlyForDeploymentPostprocessing = 0;
			shellPath = /bin/sh;
			shellScript = "\"${PODS_ROOT}/Target Support Files/Pods-shazamMapProject/Pods-shazamMapProject-frameworks.sh\"\n";
			showEnvVarsInLog = 0;
		};
		281305FB2BA84BAE4A67D8AD /* [CP] Check Pods Manifest.lock */ = {
			isa = PBXShellScriptBuildPhase;
			buildActionMask = 2147483647;
			files = (
			);
			inputFileListPaths = (
			);
			inputPaths = (
				"${PODS_PODFILE_DIR_PATH}/Podfile.lock",
				"${PODS_ROOT}/Manifest.lock",
			);
			name = "[CP] Check Pods Manifest.lock";
			outputFileListPaths = (
			);
			outputPaths = (
				"$(DERIVED_FILE_DIR)/Pods-shazamMapProject-checkManifestLockResult.txt",
			);
			runOnlyForDeploymentPostprocessing = 0;
			shellPath = /bin/sh;
			shellScript = "diff \"${PODS_PODFILE_DIR_PATH}/Podfile.lock\" \"${PODS_ROOT}/Manifest.lock\" > /dev/null\nif [ $? != 0 ] ; then\n    # print error to STDERR\n    echo \"error: The sandbox is not in sync with the Podfile.lock. Run 'pod install' or update your CocoaPods installation.\" >&2\n    exit 1\nfi\n# This output is used by Xcode 'outputs' to avoid re-running this script phase.\necho \"SUCCESS\" > \"${SCRIPT_OUTPUT_FILE_0}\"\n";
			showEnvVarsInLog = 0;
		};
/* End PBXShellScriptBuildPhase section */

/* Begin PBXSourcesBuildPhase section */
		DAD8440D27104E2D00B1FFB9 /* Sources */ = {
			isa = PBXSourcesBuildPhase;
			buildActionMask = 2147483647;
			files = (
				DAD844312710557D00B1FFB9 /* MainMapViewController.swift in Sources */,
				DAD84451271088A600B1FFB9 /* UIViewController+Extension.swift in Sources */,
				DAD8444F2710853300B1FFB9 /* UIColor+Extensions.swift in Sources */,
				DAD8444D271084ED00B1FFB9 /* Colors.swift in Sources */,
				DAD84446271072D100B1FFB9 /* BottomInfoScreenViewController.swift in Sources */,
				DAD8444A27107D1500B1FFB9 /* MainMapView.swift in Sources */,
				DAD8443D27105FC100B1FFB9 /* ServiceLayer.swift in Sources */,
				DAD8443727105AB100B1FFB9 /* MainMapModel.swift in Sources */,
				DAD8441527104E2D00B1FFB9 /* AppDelegate.swift in Sources */,
				DAD8441727104E2D00B1FFB9 /* SceneDelegate.swift in Sources */,
				61666C852710596400AD5CA8 /* ShazamService.swift in Sources */,
				DAD8443B27105EE300B1FFB9 /* LocationService.swift in Sources */,
			);
			runOnlyForDeploymentPostprocessing = 0;
		};
/* End PBXSourcesBuildPhase section */

/* Begin PBXVariantGroup section */
		DAD8441F27104E3000B1FFB9 /* LaunchScreen.storyboard */ = {
			isa = PBXVariantGroup;
			children = (
				DAD8442027104E3000B1FFB9 /* Base */,
			);
			name = LaunchScreen.storyboard;
			sourceTree = "<group>";
		};
/* End PBXVariantGroup section */

/* Begin XCBuildConfiguration section */
		DAD8442327104E3000B1FFB9 /* Debug */ = {
			isa = XCBuildConfiguration;
			buildSettings = {
				ALWAYS_SEARCH_USER_PATHS = NO;
				CLANG_ANALYZER_NONNULL = YES;
				CLANG_ANALYZER_NUMBER_OBJECT_CONVERSION = YES_AGGRESSIVE;
				CLANG_CXX_LANGUAGE_STANDARD = "gnu++17";
				CLANG_CXX_LIBRARY = "libc++";
				CLANG_ENABLE_MODULES = YES;
				CLANG_ENABLE_OBJC_ARC = YES;
				CLANG_ENABLE_OBJC_WEAK = YES;
				CLANG_WARN_BLOCK_CAPTURE_AUTORELEASING = YES;
				CLANG_WARN_BOOL_CONVERSION = YES;
				CLANG_WARN_COMMA = YES;
				CLANG_WARN_CONSTANT_CONVERSION = YES;
				CLANG_WARN_DEPRECATED_OBJC_IMPLEMENTATIONS = YES;
				CLANG_WARN_DIRECT_OBJC_ISA_USAGE = YES_ERROR;
				CLANG_WARN_DOCUMENTATION_COMMENTS = YES;
				CLANG_WARN_EMPTY_BODY = YES;
				CLANG_WARN_ENUM_CONVERSION = YES;
				CLANG_WARN_INFINITE_RECURSION = YES;
				CLANG_WARN_INT_CONVERSION = YES;
				CLANG_WARN_NON_LITERAL_NULL_CONVERSION = YES;
				CLANG_WARN_OBJC_IMPLICIT_RETAIN_SELF = YES;
				CLANG_WARN_OBJC_LITERAL_CONVERSION = YES;
				CLANG_WARN_OBJC_ROOT_CLASS = YES_ERROR;
				CLANG_WARN_QUOTED_INCLUDE_IN_FRAMEWORK_HEADER = YES;
				CLANG_WARN_RANGE_LOOP_ANALYSIS = YES;
				CLANG_WARN_STRICT_PROTOTYPES = YES;
				CLANG_WARN_SUSPICIOUS_MOVE = YES;
				CLANG_WARN_UNGUARDED_AVAILABILITY = YES_AGGRESSIVE;
				CLANG_WARN_UNREACHABLE_CODE = YES;
				CLANG_WARN__DUPLICATE_METHOD_MATCH = YES;
				COPY_PHASE_STRIP = NO;
				DEBUG_INFORMATION_FORMAT = dwarf;
				ENABLE_STRICT_OBJC_MSGSEND = YES;
				ENABLE_TESTABILITY = YES;
				GCC_C_LANGUAGE_STANDARD = gnu11;
				GCC_DYNAMIC_NO_PIC = NO;
				GCC_NO_COMMON_BLOCKS = YES;
				GCC_OPTIMIZATION_LEVEL = 0;
				GCC_PREPROCESSOR_DEFINITIONS = (
					"DEBUG=1",
					"$(inherited)",
				);
				GCC_WARN_64_TO_32_BIT_CONVERSION = YES;
				GCC_WARN_ABOUT_RETURN_TYPE = YES_ERROR;
				GCC_WARN_UNDECLARED_SELECTOR = YES;
				GCC_WARN_UNINITIALIZED_AUTOS = YES_AGGRESSIVE;
				GCC_WARN_UNUSED_FUNCTION = YES;
				GCC_WARN_UNUSED_VARIABLE = YES;
				IPHONEOS_DEPLOYMENT_TARGET = 15.0;
				MTL_ENABLE_DEBUG_INFO = INCLUDE_SOURCE;
				MTL_FAST_MATH = YES;
				ONLY_ACTIVE_ARCH = YES;
				SDKROOT = iphoneos;
				SWIFT_ACTIVE_COMPILATION_CONDITIONS = DEBUG;
				SWIFT_OPTIMIZATION_LEVEL = "-Onone";
			};
			name = Debug;
		};
		DAD8442427104E3000B1FFB9 /* Release */ = {
			isa = XCBuildConfiguration;
			buildSettings = {
				ALWAYS_SEARCH_USER_PATHS = NO;
				CLANG_ANALYZER_NONNULL = YES;
				CLANG_ANALYZER_NUMBER_OBJECT_CONVERSION = YES_AGGRESSIVE;
				CLANG_CXX_LANGUAGE_STANDARD = "gnu++17";
				CLANG_CXX_LIBRARY = "libc++";
				CLANG_ENABLE_MODULES = YES;
				CLANG_ENABLE_OBJC_ARC = YES;
				CLANG_ENABLE_OBJC_WEAK = YES;
				CLANG_WARN_BLOCK_CAPTURE_AUTORELEASING = YES;
				CLANG_WARN_BOOL_CONVERSION = YES;
				CLANG_WARN_COMMA = YES;
				CLANG_WARN_CONSTANT_CONVERSION = YES;
				CLANG_WARN_DEPRECATED_OBJC_IMPLEMENTATIONS = YES;
				CLANG_WARN_DIRECT_OBJC_ISA_USAGE = YES_ERROR;
				CLANG_WARN_DOCUMENTATION_COMMENTS = YES;
				CLANG_WARN_EMPTY_BODY = YES;
				CLANG_WARN_ENUM_CONVERSION = YES;
				CLANG_WARN_INFINITE_RECURSION = YES;
				CLANG_WARN_INT_CONVERSION = YES;
				CLANG_WARN_NON_LITERAL_NULL_CONVERSION = YES;
				CLANG_WARN_OBJC_IMPLICIT_RETAIN_SELF = YES;
				CLANG_WARN_OBJC_LITERAL_CONVERSION = YES;
				CLANG_WARN_OBJC_ROOT_CLASS = YES_ERROR;
				CLANG_WARN_QUOTED_INCLUDE_IN_FRAMEWORK_HEADER = YES;
				CLANG_WARN_RANGE_LOOP_ANALYSIS = YES;
				CLANG_WARN_STRICT_PROTOTYPES = YES;
				CLANG_WARN_SUSPICIOUS_MOVE = YES;
				CLANG_WARN_UNGUARDED_AVAILABILITY = YES_AGGRESSIVE;
				CLANG_WARN_UNREACHABLE_CODE = YES;
				CLANG_WARN__DUPLICATE_METHOD_MATCH = YES;
				COPY_PHASE_STRIP = NO;
				DEBUG_INFORMATION_FORMAT = "dwarf-with-dsym";
				ENABLE_NS_ASSERTIONS = NO;
				ENABLE_STRICT_OBJC_MSGSEND = YES;
				GCC_C_LANGUAGE_STANDARD = gnu11;
				GCC_NO_COMMON_BLOCKS = YES;
				GCC_WARN_64_TO_32_BIT_CONVERSION = YES;
				GCC_WARN_ABOUT_RETURN_TYPE = YES_ERROR;
				GCC_WARN_UNDECLARED_SELECTOR = YES;
				GCC_WARN_UNINITIALIZED_AUTOS = YES_AGGRESSIVE;
				GCC_WARN_UNUSED_FUNCTION = YES;
				GCC_WARN_UNUSED_VARIABLE = YES;
				IPHONEOS_DEPLOYMENT_TARGET = 15.0;
				MTL_ENABLE_DEBUG_INFO = NO;
				MTL_FAST_MATH = YES;
				SDKROOT = iphoneos;
				SWIFT_COMPILATION_MODE = wholemodule;
				SWIFT_OPTIMIZATION_LEVEL = "-O";
				VALIDATE_PRODUCT = YES;
			};
			name = Release;
		};
		DAD8442627104E3000B1FFB9 /* Debug */ = {
			isa = XCBuildConfiguration;
			baseConfigurationReference = 83A823040939844E6A35C2D4 /* Pods-shazamMapProject.debug.xcconfig */;
			buildSettings = {
				ASSETCATALOG_COMPILER_APPICON_NAME = AppIcon;
				ASSETCATALOG_COMPILER_GLOBAL_ACCENT_COLOR_NAME = AccentColor;
				CODE_SIGN_STYLE = Automatic;
				CURRENT_PROJECT_VERSION = 1;
				DEVELOPMENT_TEAM = 2WU2LYUXF9;
				GENERATE_INFOPLIST_FILE = YES;
				INFOPLIST_FILE = shazamMapProject/Info.plist;
				INFOPLIST_KEY_NSLocationAlwaysAndWhenInUseUsageDescription = Description;
				INFOPLIST_KEY_NSLocationAlwaysUsageDescription = Description;
				INFOPLIST_KEY_NSLocationWhenInUseUsageDescription = Description;
				INFOPLIST_KEY_UIApplicationSupportsIndirectInputEvents = YES;
				INFOPLIST_KEY_UILaunchStoryboardName = LaunchScreen;
				INFOPLIST_KEY_UISupportedInterfaceOrientations_iPad = "UIInterfaceOrientationPortrait UIInterfaceOrientationPortraitUpsideDown UIInterfaceOrientationLandscapeLeft UIInterfaceOrientationLandscapeRight";
				INFOPLIST_KEY_UISupportedInterfaceOrientations_iPhone = "UIInterfaceOrientationPortrait UIInterfaceOrientationLandscapeLeft UIInterfaceOrientationLandscapeRight";
				LD_RUNPATH_SEARCH_PATHS = (
					"$(inherited)",
					"@executable_path/Frameworks",
				);
				MARKETING_VERSION = 1.0;
				PRODUCT_BUNDLE_IDENTIFIER = com.kojimenka.ShazamProject;
				PRODUCT_NAME = "$(TARGET_NAME)";
				SWIFT_EMIT_LOC_STRINGS = YES;
				SWIFT_VERSION = 5.0;
				TARGETED_DEVICE_FAMILY = 1;
			};
			name = Debug;
		};
		DAD8442727104E3000B1FFB9 /* Release */ = {
			isa = XCBuildConfiguration;
			baseConfigurationReference = 1E35F2870E47E7C70A7443E6 /* Pods-shazamMapProject.release.xcconfig */;
			buildSettings = {
				ASSETCATALOG_COMPILER_APPICON_NAME = AppIcon;
				ASSETCATALOG_COMPILER_GLOBAL_ACCENT_COLOR_NAME = AccentColor;
				CODE_SIGN_STYLE = Automatic;
				CURRENT_PROJECT_VERSION = 1;
				DEVELOPMENT_TEAM = 2WU2LYUXF9;
				GENERATE_INFOPLIST_FILE = YES;
				INFOPLIST_FILE = shazamMapProject/Info.plist;
				INFOPLIST_KEY_NSLocationAlwaysAndWhenInUseUsageDescription = Description;
				INFOPLIST_KEY_NSLocationAlwaysUsageDescription = Description;
				INFOPLIST_KEY_NSLocationWhenInUseUsageDescription = Description;
				INFOPLIST_KEY_UIApplicationSupportsIndirectInputEvents = YES;
				INFOPLIST_KEY_UILaunchStoryboardName = LaunchScreen;
				INFOPLIST_KEY_UISupportedInterfaceOrientations_iPad = "UIInterfaceOrientationPortrait UIInterfaceOrientationPortraitUpsideDown UIInterfaceOrientationLandscapeLeft UIInterfaceOrientationLandscapeRight";
				INFOPLIST_KEY_UISupportedInterfaceOrientations_iPhone = "UIInterfaceOrientationPortrait UIInterfaceOrientationLandscapeLeft UIInterfaceOrientationLandscapeRight";
				LD_RUNPATH_SEARCH_PATHS = (
					"$(inherited)",
					"@executable_path/Frameworks",
				);
				MARKETING_VERSION = 1.0;
				PRODUCT_BUNDLE_IDENTIFIER = com.kojimenka.ShazamProject;
				PRODUCT_NAME = "$(TARGET_NAME)";
				SWIFT_EMIT_LOC_STRINGS = YES;
				SWIFT_VERSION = 5.0;
				TARGETED_DEVICE_FAMILY = 1;
			};
			name = Release;
		};
/* End XCBuildConfiguration section */

/* Begin XCConfigurationList section */
		DAD8440C27104E2D00B1FFB9 /* Build configuration list for PBXProject "shazamMapProject" */ = {
			isa = XCConfigurationList;
			buildConfigurations = (
				DAD8442327104E3000B1FFB9 /* Debug */,
				DAD8442427104E3000B1FFB9 /* Release */,
			);
			defaultConfigurationIsVisible = 0;
			defaultConfigurationName = Release;
		};
		DAD8442527104E3000B1FFB9 /* Build configuration list for PBXNativeTarget "shazamMapProject" */ = {
			isa = XCConfigurationList;
			buildConfigurations = (
				DAD8442627104E3000B1FFB9 /* Debug */,
				DAD8442727104E3000B1FFB9 /* Release */,
			);
			defaultConfigurationIsVisible = 0;
			defaultConfigurationName = Release;
		};
/* End XCConfigurationList section */
	};
	rootObject = DAD8440927104E2D00B1FFB9 /* Project object */;
}
